
Microsoft Visual Studio Solution File, Format Version 12.00
# Visual Studio Version 17
VisualStudioVersion = 17.8.34219.65
MinimumVisualStudioVersion = 10.0.40219.1
Project("{FAE04EC0-301F-11D3-BF4B-00C04F79EFBC}") = "TradeDeskApi", "TradeDeskApi\TradeDeskApi.csproj", "{15B5DC14-925E-45F1-9438-4F294BB5F26E}"
EndProject
Project("{FAE04EC0-301F-11D3-BF4B-00C04F79EFBC}") = "TradeDeskTop", "TradeDeskTop\TradeDeskTop.csproj", "{C2E72FBB-B968-48ED-A96D-7CE74DC9721E}"
EndProject
Project("{FAE04EC0-301F-11D3-BF4B-00C04F79EFBC}") = "TradeDeskApi.Common", "TradeDeskApi.Common\TradeDeskApi.Common.csproj", "{94BE6651-628B-46EC-AF2C-195F4B2C9491}"
EndProject
Project("{FAE04EC0-301F-11D3-BF4B-00C04F79EFBC}") = "TradeDeskBroker", "TradeDeskBroker\TradeDeskBroker.csproj", "{2D2D29FF-3FA1-49EB-973A-64CBAC5D7AD3}"
EndProject
Global
	GlobalSection(SolutionConfigurationPlatforms) = preSolution
		Debug|Any CPU = Debug|Any CPU
		Release|Any CPU = Release|Any CPU
	EndGlobalSection
	GlobalSection(ProjectConfigurationPlatforms) = postSolution
		{15B5DC14-925E-45F1-9438-4F294BB5F26E}.Debug|Any CPU.ActiveCfg = Debug|Any CPU
		{15B5DC14-925E-45F1-9438-4F294BB5F26E}.Debug|Any CPU.Build.0 = Debug|Any CPU
		{15B5DC14-925E-45F1-9438-4F294BB5F26E}.Release|Any CPU.ActiveCfg = Release|Any CPU
		{15B5DC14-925E-45F1-9438-4F294BB5F26E}.Release|Any CPU.Build.0 = Release|Any CPU
		{C2E72FBB-B968-48ED-A96D-7CE74DC9721E}.Debug|Any CPU.ActiveCfg = Debug|Any CPU
		{C2E72FBB-B968-48ED-A96D-7CE74DC9721E}.Debug|Any CPU.Build.0 = Debug|Any CPU
		{C2E72FBB-B968-48ED-A96D-7CE74DC9721E}.Release|Any CPU.ActiveCfg = Release|Any CPU
		{C2E72FBB-B968-48ED-A96D-7CE74DC9721E}.Release|Any CPU.Build.0 = Release|Any CPU
		{94BE6651-628B-46EC-AF2C-195F4B2C9491}.Debug|Any CPU.ActiveCfg = Debug|Any CPU
		{94BE6651-628B-46EC-AF2C-195F4B2C9491}.Debug|Any CPU.Build.0 = Debug|Any CPU
		{94BE6651-628B-46EC-AF2C-195F4B2C9491}.Release|Any CPU.ActiveCfg = Release|Any CPU
		{94BE6651-628B-46EC-AF2C-195F4B2C9491}.Release|Any CPU.Build.0 = Release|Any CPU
		{2D2D29FF-3FA1-49EB-973A-64CBAC5D7AD3}.Debug|Any CPU.ActiveCfg = Debug|Any CPU
		{2D2D29FF-3FA1-49EB-973A-64CBAC5D7AD3}.Debug|Any CPU.Build.0 = Debug|Any CPU
		{2D2D29FF-3FA1-49EB-973A-64CBAC5D7AD3}.Release|Any CPU.ActiveCfg = Release|Any CPU
		{2D2D29FF-3FA1-49EB-973A-64CBAC5D7AD3}.Release|Any CPU.Build.0 = Release|Any CPU
	EndGlobalSection
	GlobalSection(SolutionProperties) = preSolution
		HideSolutionNode = FALSE
	EndGlobalSection
	GlobalSection(ExtensibilityGlobals) = postSolution
		SolutionGuid = {5B58589C-85AD-46C9-B108-B91E83EC7E8E}
	EndGlobalSection
EndGlobal
